# This file is autogenerated, do not edit; changes may be undone by the next 'dep ensure'.


[[projects]]
  branch = "master"
  digest = "1:7cc7f47cf4e6f9be30f0e38934f6470cf4c35c9479350bc5e764d3e428018e2e"
  name = "github.com/emersion/go-sasl"
  packages = ["."]
  pruneopts = "UT"
  revision = "7e096a0a6197b89989e8cc31016daa67c8c62051"

[[projects]]
  branch = "master"
  digest = "1:d4ca6be37ac7939e58ef0b0d4fd673ac95c6a51f4ee371e3d1cb86de780a0df5"
  name = "github.com/emersion/go-smtp"
  packages = ["."]
  pruneopts = "UT"
  revision = "db5eec195e6741e8a80dc7cc10b18c9a8cca0d42"

[[projects]]
  digest = "1:fd9d04d4fe18d02ecd2cdd0b8335a3c27210b10a9a5b92b9f01ac3caf8648e36"
  name = "github.com/go-playground/locales"
  packages = [
    ".",
    "currency",
    "en",
  ]
  pruneopts = "UT"
  revision = "f63010822830b6fe52288ee52d5a1151088ce039"
  version = "v0.12.1"

[[projects]]
  digest = "1:e022cf244bcac1b6ef933f1a2e0adcf6a6dfd7b872d8d41e4d4179bb09a87cbc"
  name = "github.com/go-playground/universal-translator"
  packages = ["."]
  pruneopts = "UT"
  revision = "b32fa301c9fe55953584134cb6853a13c87ec0a1"
  version = "v0.16.0"

[[projects]]
  digest = "1:dc48dff981a895912c33cf272b1d869c216d058bd4025736cb481d3ceeed6872"
  name = "github.com/tkanos/gonfig"
  packages = ["."]
  pruneopts = "UT"
  revision = "e83209aed2d171bab5ffb312a1e630110481cb99"
  version = "1.0"

[[projects]]
  branch = "master"
  digest = "1:1bffa8e8d52f2a255204abab52af84fe861f6892dc42b6ca9ab96187083604e8"
  name = "github.com/veqryn/go-email"
  packages = ["email"]
  pruneopts = "UT"
  revision = "388713805b1e28295565f252ab14b53e1267b0bc"

[[projects]]
  digest = "1:c5a4910ebc4c51630285cefeeed9e1b30f4c6520db7b95de1008e3e3f9419bb8"
  name = "gopkg.in/go-playground/validator.v9"
  packages = [
    ".",
    "translations/en",
  ]
  pruneopts = "UT"
  revision = "e69e9a28bb62b977fdc58d051f1bb477b7cbe486"
  version = "v9.21.0"

[solve-meta]
  analyzer-name = "dep"
  analyzer-version = 1
  input-imports = [
    "github.com/emersion/go-smtp",
    "github.com/go-playground/locales/en",
    "github.com/go-playground/universal-translator",
    "github.com/tkanos/gonfig",
    "github.com/veqryn/go-email/email",
    "gopkg.in/go-playground/validator.v9",
    "gopkg.in/go-playground/validator.v9/translations/en",
  ]
  solver-name = "gps-cdcl"
  solver-version = 1
